// !$*UTF8*$!
{
	archiveVersion = 1;
	classes = {
	};
	objectVersion = 55;
	objects = {

/* Begin PBXBuildFile section */
		CECB3BF128573DF00070459B /* TouchdownApp.swift in Sources */ = {isa = PBXBuildFile; fileRef = CECB3BF028573DF00070459B /* TouchdownApp.swift */; };
		CECB3BF328573DF00070459B /* ContentView.swift in Sources */ = {isa = PBXBuildFile; fileRef = CECB3BF228573DF00070459B /* ContentView.swift */; };
		CECB3BF528573DF20070459B /* Assets.xcassets in Resources */ = {isa = PBXBuildFile; fileRef = CECB3BF428573DF20070459B /* Assets.xcassets */; };
		CECB3BF828573DF20070459B /* Preview Assets.xcassets in Resources */ = {isa = PBXBuildFile; fileRef = CECB3BF728573DF20070459B /* Preview Assets.xcassets */; };
		CECB3C0228573EA20070459B /* category.json in Resources */ = {isa = PBXBuildFile; fileRef = CECB3BFE28573EA20070459B /* category.json */; };
		CECB3C0328573EA20070459B /* player.json in Resources */ = {isa = PBXBuildFile; fileRef = CECB3BFF28573EA20070459B /* player.json */; };
		CECB3C0428573EA20070459B /* brand.json in Resources */ = {isa = PBXBuildFile; fileRef = CECB3C0028573EA20070459B /* brand.json */; };
		CECB3C0528573EA20070459B /* product.json in Resources */ = {isa = PBXBuildFile; fileRef = CECB3C0128573EA20070459B /* product.json */; };
		CECB3C1028573F670070459B /* Constant.swift in Sources */ = {isa = PBXBuildFile; fileRef = CECB3C0F28573F670070459B /* Constant.swift */; };
		CECB3C1228573FDF0070459B /* FooterView.swift in Sources */ = {isa = PBXBuildFile; fileRef = CECB3C1128573FDF0070459B /* FooterView.swift */; };
		CECB3C14285741F40070459B /* NavigationBarView.swift in Sources */ = {isa = PBXBuildFile; fileRef = CECB3C13285741F40070459B /* NavigationBarView.swift */; };
		CECB3C16285742DF0070459B /* LogoView.swift in Sources */ = {isa = PBXBuildFile; fileRef = CECB3C15285742DF0070459B /* LogoView.swift */; };
		CECB3C18285748AF0070459B /* PlayerModel.swift in Sources */ = {isa = PBXBuildFile; fileRef = CECB3C17285748AF0070459B /* PlayerModel.swift */; };
		CECB3C1A285748EB0070459B /* CodableBundleExtension.swift in Sources */ = {isa = PBXBuildFile; fileRef = CECB3C19285748EB0070459B /* CodableBundleExtension.swift */; };
		CECB3C1C28574A190070459B /* FeaturedItemView.swift in Sources */ = {isa = PBXBuildFile; fileRef = CECB3C1B28574A190070459B /* FeaturedItemView.swift */; };
		CECB3C1E28574A700070459B /* FeaturedTabView.swift in Sources */ = {isa = PBXBuildFile; fileRef = CECB3C1D28574A700070459B /* FeaturedTabView.swift */; };
		CECB3C2028574D290070459B /* CategoryModel.swift in Sources */ = {isa = PBXBuildFile; fileRef = CECB3C1F28574D290070459B /* CategoryModel.swift */; };
		CECB3C2228574DC10070459B /* CategoryItemView.swift in Sources */ = {isa = PBXBuildFile; fileRef = CECB3C2128574DC10070459B /* CategoryItemView.swift */; };
		CECB3C2428574EA50070459B /* CategoryGridView.swift in Sources */ = {isa = PBXBuildFile; fileRef = CECB3C2328574EA50070459B /* CategoryGridView.swift */; };
		CECB3C26285755710070459B /* SectionView.swift in Sources */ = {isa = PBXBuildFile; fileRef = CECB3C25285755710070459B /* SectionView.swift */; };
		CECB3C28285756B20070459B /* TitleView.swift in Sources */ = {isa = PBXBuildFile; fileRef = CECB3C27285756B20070459B /* TitleView.swift */; };
		CECB3C2A285757A80070459B /* ProductModel.swift in Sources */ = {isa = PBXBuildFile; fileRef = CECB3C29285757A80070459B /* ProductModel.swift */; };
		CECB3C2C285757F70070459B /* ProductItemView.swift in Sources */ = {isa = PBXBuildFile; fileRef = CECB3C2B285757F70070459B /* ProductItemView.swift */; };
		CECB3C2E2857599D0070459B /* BrandModel.swift in Sources */ = {isa = PBXBuildFile; fileRef = CECB3C2D2857599D0070459B /* BrandModel.swift */; };
		CECB3C30285759DD0070459B /* BrandItemView.swift in Sources */ = {isa = PBXBuildFile; fileRef = CECB3C2F285759DD0070459B /* BrandItemView.swift */; };
		CECB3C3228575A5B0070459B /* BrandGridView.swift in Sources */ = {isa = PBXBuildFile; fileRef = CECB3C3128575A5B0070459B /* BrandGridView.swift */; };
		CECB3C3428575B570070459B /* ProductDetailView.swift in Sources */ = {isa = PBXBuildFile; fileRef = CECB3C3328575B570070459B /* ProductDetailView.swift */; };
		CECB3C3628575C320070459B /* NavigationBarDetailView.swift in Sources */ = {isa = PBXBuildFile; fileRef = CECB3C3528575C320070459B /* NavigationBarDetailView.swift */; };
		CECB3C3828575CF80070459B /* HeaderDetailView.swift in Sources */ = {isa = PBXBuildFile; fileRef = CECB3C3728575CF80070459B /* HeaderDetailView.swift */; };
		CECB3C3A28575D970070459B /* TopPartDetailView.swift in Sources */ = {isa = PBXBuildFile; fileRef = CECB3C3928575D970070459B /* TopPartDetailView.swift */; };
		CECB3C3C28575F570070459B /* CustomShape.swift in Sources */ = {isa = PBXBuildFile; fileRef = CECB3C3B28575F570070459B /* CustomShape.swift */; };
		CECB3C3E285760620070459B /* RatingSizeDetailView.swift in Sources */ = {isa = PBXBuildFile; fileRef = CECB3C3D285760620070459B /* RatingSizeDetailView.swift */; };
		CECB3C40285766EE0070459B /* QuantityFavouriteDetailView.swift in Sources */ = {isa = PBXBuildFile; fileRef = CECB3C3F285766EC0070459B /* QuantityFavouriteDetailView.swift */; };
		CECB3C42285768050070459B /* AddToCartDetailView.swift in Sources */ = {isa = PBXBuildFile; fileRef = CECB3C41285768050070459B /* AddToCartDetailView.swift */; };
		CECB3C44285769520070459B /* Shop.swift in Sources */ = {isa = PBXBuildFile; fileRef = CECB3C43285769520070459B /* Shop.swift */; };
/* End PBXBuildFile section */

/* Begin PBXFileReference section */
		CECB3BED28573DF00070459B /* Touchdown.app */ = {isa = PBXFileReference; explicitFileType = wrapper.application; includeInIndex = 0; path = Touchdown.app; sourceTree = BUILT_PRODUCTS_DIR; };
		CECB3BF028573DF00070459B /* TouchdownApp.swift */ = {isa = PBXFileReference; lastKnownFileType = sourcecode.swift; path = TouchdownApp.swift; sourceTree = "<group>"; };
		CECB3BF228573DF00070459B /* ContentView.swift */ = {isa = PBXFileReference; lastKnownFileType = sourcecode.swift; path = ContentView.swift; sourceTree = "<group>"; };
		CECB3BF428573DF20070459B /* Assets.xcassets */ = {isa = PBXFileReference; lastKnownFileType = folder.assetcatalog; path = Assets.xcassets; sourceTree = "<group>"; };
		CECB3BF728573DF20070459B /* Preview Assets.xcassets */ = {isa = PBXFileReference; lastKnownFileType = folder.assetcatalog; path = "Preview Assets.xcassets"; sourceTree = "<group>"; };
		CECB3BFE28573EA20070459B /* category.json */ = {isa = PBXFileReference; fileEncoding = 4; lastKnownFileType = text.json; path = category.json; sourceTree = "<group>"; };
		CECB3BFF28573EA20070459B /* player.json */ = {isa = PBXFileReference; fileEncoding = 4; lastKnownFileType = text.json; path = player.json; sourceTree = "<group>"; };
		CECB3C0028573EA20070459B /* brand.json */ = {isa = PBXFileReference; fileEncoding = 4; lastKnownFileType = text.json; path = brand.json; sourceTree = "<group>"; };
		CECB3C0128573EA20070459B /* product.json */ = {isa = PBXFileReference; fileEncoding = 4; lastKnownFileType = text.json; path = product.json; sourceTree = "<group>"; };
		CECB3C0728573ED70070459B /* Info.plist */ = {isa = PBXFileReference; lastKnownFileType = text.plist; path = Info.plist; sourceTree = "<group>"; };
		CECB3C0F28573F670070459B /* Constant.swift */ = {isa = PBXFileReference; lastKnownFileType = sourcecode.swift; path = Constant.swift; sourceTree = "<group>"; };
		CECB3C1128573FDF0070459B /* FooterView.swift */ = {isa = PBXFileReference; lastKnownFileType = sourcecode.swift; path = FooterView.swift; sourceTree = "<group>"; };
		CECB3C13285741F40070459B /* NavigationBarView.swift */ = {isa = PBXFileReference; lastKnownFileType = sourcecode.swift; path = NavigationBarView.swift; sourceTree = "<group>"; };
		CECB3C15285742DF0070459B /* LogoView.swift */ = {isa = PBXFileReference; lastKnownFileType = sourcecode.swift; path = LogoView.swift; sourceTree = "<group>"; };
		CECB3C17285748AF0070459B /* PlayerModel.swift */ = {isa = PBXFileReference; lastKnownFileType = sourcecode.swift; path = PlayerModel.swift; sourceTree = "<group>"; };
		CECB3C19285748EB0070459B /* CodableBundleExtension.swift */ = {isa = PBXFileReference; lastKnownFileType = sourcecode.swift; path = CodableBundleExtension.swift; sourceTree = "<group>"; };
		CECB3C1B28574A190070459B /* FeaturedItemView.swift */ = {isa = PBXFileReference; lastKnownFileType = sourcecode.swift; path = FeaturedItemView.swift; sourceTree = "<group>"; };
		CECB3C1D28574A700070459B /* FeaturedTabView.swift */ = {isa = PBXFileReference; lastKnownFileType = sourcecode.swift; path = FeaturedTabView.swift; sourceTree = "<group>"; };
		CECB3C1F28574D290070459B /* CategoryModel.swift */ = {isa = PBXFileReference; lastKnownFileType = sourcecode.swift; path = CategoryModel.swift; sourceTree = "<group>"; };
		CECB3C2128574DC10070459B /* CategoryItemView.swift */ = {isa = PBXFileReference; lastKnownFileType = sourcecode.swift; path = CategoryItemView.swift; sourceTree = "<group>"; };
		CECB3C2328574EA50070459B /* CategoryGridView.swift */ = {isa = PBXFileReference; lastKnownFileType = sourcecode.swift; path = CategoryGridView.swift; sourceTree = "<group>"; };
		CECB3C25285755710070459B /* SectionView.swift */ = {isa = PBXFileReference; lastKnownFileType = sourcecode.swift; path = SectionView.swift; sourceTree = "<group>"; };
		CECB3C27285756B20070459B /* TitleView.swift */ = {isa = PBXFileReference; lastKnownFileType = sourcecode.swift; path = TitleView.swift; sourceTree = "<group>"; };
		CECB3C29285757A80070459B /* ProductModel.swift */ = {isa = PBXFileReference; lastKnownFileType = sourcecode.swift; path = ProductModel.swift; sourceTree = "<group>"; };
		CECB3C2B285757F70070459B /* ProductItemView.swift */ = {isa = PBXFileReference; lastKnownFileType = sourcecode.swift; path = ProductItemView.swift; sourceTree = "<group>"; };
		CECB3C2D2857599D0070459B /* BrandModel.swift */ = {isa = PBXFileReference; lastKnownFileType = sourcecode.swift; path = BrandModel.swift; sourceTree = "<group>"; };
		CECB3C2F285759DD0070459B /* BrandItemView.swift */ = {isa = PBXFileReference; lastKnownFileType = sourcecode.swift; path = BrandItemView.swift; sourceTree = "<group>"; };
		CECB3C3128575A5B0070459B /* BrandGridView.swift */ = {isa = PBXFileReference; lastKnownFileType = sourcecode.swift; path = BrandGridView.swift; sourceTree = "<group>"; };
		CECB3C3328575B570070459B /* ProductDetailView.swift */ = {isa = PBXFileReference; lastKnownFileType = sourcecode.swift; path = ProductDetailView.swift; sourceTree = "<group>"; };
		CECB3C3528575C320070459B /* NavigationBarDetailView.swift */ = {isa = PBXFileReference; lastKnownFileType = sourcecode.swift; path = NavigationBarDetailView.swift; sourceTree = "<group>"; };
		CECB3C3728575CF80070459B /* HeaderDetailView.swift */ = {isa = PBXFileReference; lastKnownFileType = sourcecode.swift; path = HeaderDetailView.swift; sourceTree = "<group>"; };
		CECB3C3928575D970070459B /* TopPartDetailView.swift */ = {isa = PBXFileReference; lastKnownFileType = sourcecode.swift; path = TopPartDetailView.swift; sourceTree = "<group>"; };
		CECB3C3B28575F570070459B /* CustomShape.swift */ = {isa = PBXFileReference; lastKnownFileType = sourcecode.swift; path = CustomShape.swift; sourceTree = "<group>"; };
		CECB3C3D285760620070459B /* RatingSizeDetailView.swift */ = {isa = PBXFileReference; lastKnownFileType = sourcecode.swift; path = RatingSizeDetailView.swift; sourceTree = "<group>"; };
		CECB3C3F285766EC0070459B /* QuantityFavouriteDetailView.swift */ = {isa = PBXFileReference; lastKnownFileType = sourcecode.swift; path = QuantityFavouriteDetailView.swift; sourceTree = "<group>"; };
		CECB3C41285768050070459B /* AddToCartDetailView.swift */ = {isa = PBXFileReference; lastKnownFileType = sourcecode.swift; path = AddToCartDetailView.swift; sourceTree = "<group>"; };
		CECB3C43285769520070459B /* Shop.swift */ = {isa = PBXFileReference; lastKnownFileType = sourcecode.swift; path = Shop.swift; sourceTree = "<group>"; };
/* End PBXFileReference section */

/* Begin PBXFrameworksBuildPhase section */
		CECB3BEA28573DF00070459B /* Frameworks */ = {
			isa = PBXFrameworksBuildPhase;
			buildActionMask = 2147483647;
			files = (
			);
			runOnlyForDeploymentPostprocessing = 0;
		};
/* End PBXFrameworksBuildPhase section */

/* Begin PBXGroup section */
		CECB3BE428573DF00070459B = {
			isa = PBXGroup;
			children = (
				CECB3BEF28573DF00070459B /* Touchdown */,
				CECB3BEE28573DF00070459B /* Products */,
			);
			sourceTree = "<group>";
		};
		CECB3BEE28573DF00070459B /* Products */ = {
			isa = PBXGroup;
			children = (
				CECB3BED28573DF00070459B /* Touchdown.app */,
			);
			name = Products;
			sourceTree = "<group>";
		};
		CECB3BEF28573DF00070459B /* Touchdown */ = {
			isa = PBXGroup;
			children = (
				CECB3C0E28573F480070459B /* Utility */,
				CECB3C0D28573F410070459B /* Extension */,
				CECB3C0C28573F3B0070459B /* Model */,
				CECB3C0928573F2A0070459B /* View */,
				CECB3C0728573ED70070459B /* Info.plist */,
				CECB3C0628573EB30070459B /* Data */,
				CECB3C0828573F1D0070459B /* App */,
				CECB3BF428573DF20070459B /* Assets.xcassets */,
				CECB3BF628573DF20070459B /* Preview Content */,
			);
			path = Touchdown;
			sourceTree = "<group>";
		};
		CECB3BF628573DF20070459B /* Preview Content */ = {
			isa = PBXGroup;
			children = (
				CECB3BF728573DF20070459B /* Preview Assets.xcassets */,
			);
			path = "Preview Content";
			sourceTree = "<group>";
		};
		CECB3C0628573EB30070459B /* Data */ = {
			isa = PBXGroup;
			children = (
				CECB3C0028573EA20070459B /* brand.json */,
				CECB3BFE28573EA20070459B /* category.json */,
				CECB3BFF28573EA20070459B /* player.json */,
				CECB3C0128573EA20070459B /* product.json */,
			);
			path = Data;
			sourceTree = "<group>";
		};
		CECB3C0828573F1D0070459B /* App */ = {
			isa = PBXGroup;
			children = (
				CECB3BF028573DF00070459B /* TouchdownApp.swift */,
				CECB3BF228573DF00070459B /* ContentView.swift */,
				CECB3C3328575B570070459B /* ProductDetailView.swift */,
			);
			path = App;
			sourceTree = "<group>";
		};
		CECB3C0928573F2A0070459B /* View */ = {
			isa = PBXGroup;
			children = (
				CECB3C0B28573F350070459B /* Detail */,
				CECB3C0A28573F310070459B /* Home */,
			);
			path = View;
			sourceTree = "<group>";
		};
		CECB3C0A28573F310070459B /* Home */ = {
			isa = PBXGroup;
			children = (
				CECB3C1128573FDF0070459B /* FooterView.swift */,
				CECB3C13285741F40070459B /* NavigationBarView.swift */,
				CECB3C15285742DF0070459B /* LogoView.swift */,
				CECB3C1B28574A190070459B /* FeaturedItemView.swift */,
				CECB3C1D28574A700070459B /* FeaturedTabView.swift */,
				CECB3C2128574DC10070459B /* CategoryItemView.swift */,
				CECB3C2328574EA50070459B /* CategoryGridView.swift */,
				CECB3C25285755710070459B /* SectionView.swift */,
				CECB3C27285756B20070459B /* TitleView.swift */,
				CECB3C2B285757F70070459B /* ProductItemView.swift */,
				CECB3C2F285759DD0070459B /* BrandItemView.swift */,
				CECB3C3128575A5B0070459B /* BrandGridView.swift */,
			);
			path = Home;
			sourceTree = "<group>";
		};
		CECB3C0B28573F350070459B /* Detail */ = {
			isa = PBXGroup;
			children = (
				CECB3C3528575C320070459B /* NavigationBarDetailView.swift */,
				CECB3C3728575CF80070459B /* HeaderDetailView.swift */,
				CECB3C3928575D970070459B /* TopPartDetailView.swift */,
				CECB3C3D285760620070459B /* RatingSizeDetailView.swift */,
				CECB3C3F285766EC0070459B /* QuantityFavouriteDetailView.swift */,
				CECB3C41285768050070459B /* AddToCartDetailView.swift */,
			);
			path = Detail;
			sourceTree = "<group>";
		};
		CECB3C0C28573F3B0070459B /* Model */ = {
			isa = PBXGroup;
			children = (
				CECB3C17285748AF0070459B /* PlayerModel.swift */,
				CECB3C1F28574D290070459B /* CategoryModel.swift */,
				CECB3C29285757A80070459B /* ProductModel.swift */,
				CECB3C2D2857599D0070459B /* BrandModel.swift */,
			);
			path = Model;
			sourceTree = "<group>";
		};
		CECB3C0D28573F410070459B /* Extension */ = {
			isa = PBXGroup;
			children = (
				CECB3C19285748EB0070459B /* CodableBundleExtension.swift */,
			);
			path = Extension;
			sourceTree = "<group>";
		};
		CECB3C0E28573F480070459B /* Utility */ = {
			isa = PBXGroup;
			children = (
				CECB3C0F28573F670070459B /* Constant.swift */,
				CECB3C3B28575F570070459B /* CustomShape.swift */,
				CECB3C43285769520070459B /* Shop.swift */,
			);
			path = Utility;
			sourceTree = "<group>";
		};
/* End PBXGroup section */

/* Begin PBXNativeTarget section */
		CECB3BEC28573DF00070459B /* Touchdown */ = {
			isa = PBXNativeTarget;
			buildConfigurationList = CECB3BFB28573DF20070459B /* Build configuration list for PBXNativeTarget "Touchdown" */;
			buildPhases = (
				CECB3BE928573DF00070459B /* Sources */,
				CECB3BEA28573DF00070459B /* Frameworks */,
				CECB3BEB28573DF00070459B /* Resources */,
			);
			buildRules = (
			);
			dependencies = (
			);
			name = Touchdown;
			productName = Touchdown;
			productReference = CECB3BED28573DF00070459B /* Touchdown.app */;
			productType = "com.apple.product-type.application";
		};
/* End PBXNativeTarget section */

/* Begin PBXProject section */
		CECB3BE528573DF00070459B /* Project object */ = {
			isa = PBXProject;
			attributes = {
				BuildIndependentTargetsInParallel = 1;
				LastSwiftUpdateCheck = 1310;
				LastUpgradeCheck = 1310;
				TargetAttributes = {
					CECB3BEC28573DF00070459B = {
						CreatedOnToolsVersion = 13.1;
					};
				};
			};
			buildConfigurationList = CECB3BE828573DF00070459B /* Build configuration list for PBXProject "Touchdown" */;
			compatibilityVersion = "Xcode 13.0";
			developmentRegion = en;
			hasScannedForEncodings = 0;
			knownRegions = (
				en,
				Base,
			);
			mainGroup = CECB3BE428573DF00070459B;
			productRefGroup = CECB3BEE28573DF00070459B /* Products */;
			projectDirPath = "";
			projectRoot = "";
			targets = (
				CECB3BEC28573DF00070459B /* Touchdown */,
			);
		};
/* End PBXProject section */

/* Begin PBXResourcesBuildPhase section */
		CECB3BEB28573DF00070459B /* Resources */ = {
			isa = PBXResourcesBuildPhase;
			buildActionMask = 2147483647;
			files = (
				CECB3C0328573EA20070459B /* player.json in Resources */,
				CECB3C0428573EA20070459B /* brand.json in Resources */,
				CECB3C0228573EA20070459B /* category.json in Resources */,
				CECB3BF828573DF20070459B /* Preview Assets.xcassets in Resources */,
				CECB3BF528573DF20070459B /* Assets.xcassets in Resources */,
				CECB3C0528573EA20070459B /* product.json in Resources */,
			);
			runOnlyForDeploymentPostprocessing = 0;
		};
/* End PBXResourcesBuildPhase section */

/* Begin PBXSourcesBuildPhase section */
		CECB3BE928573DF00070459B /* Sources */ = {
			isa = PBXSourcesBuildPhase;
			buildActionMask = 2147483647;
			files = (
				CECB3C1A285748EB0070459B /* CodableBundleExtension.swift in Sources */,
				CECB3C3828575CF80070459B /* HeaderDetailView.swift in Sources */,
				CECB3C3A28575D970070459B /* TopPartDetailView.swift in Sources */,
				CECB3BF328573DF00070459B /* ContentView.swift in Sources */,
				CECB3C16285742DF0070459B /* LogoView.swift in Sources */,
				CECB3C1228573FDF0070459B /* FooterView.swift in Sources */,
				CECB3C1C28574A190070459B /* FeaturedItemView.swift in Sources */,
				CECB3C2C285757F70070459B /* ProductItemView.swift in Sources */,
				CECB3C42285768050070459B /* AddToCartDetailView.swift in Sources */,
				CECB3C3228575A5B0070459B /* BrandGridView.swift in Sources */,
				CECB3BF128573DF00070459B /* TouchdownApp.swift in Sources */,
				CECB3C3428575B570070459B /* ProductDetailView.swift in Sources */,
				CECB3C3628575C320070459B /* NavigationBarDetailView.swift in Sources */,
				CECB3C1028573F670070459B /* Constant.swift in Sources */,
				CECB3C2428574EA50070459B /* CategoryGridView.swift in Sources */,
				CECB3C2028574D290070459B /* CategoryModel.swift in Sources */,
				CECB3C14285741F40070459B /* NavigationBarView.swift in Sources */,
				CECB3C26285755710070459B /* SectionView.swift in Sources */,
				CECB3C30285759DD0070459B /* BrandItemView.swift in Sources */,
				CECB3C2228574DC10070459B /* CategoryItemView.swift in Sources */,
				CECB3C1E28574A700070459B /* FeaturedTabView.swift in Sources */,
				CECB3C3C28575F570070459B /* CustomShape.swift in Sources */,
				CECB3C3E285760620070459B /* RatingSizeDetailView.swift in Sources */,
				CECB3C18285748AF0070459B /* PlayerModel.swift in Sources */,
				CECB3C44285769520070459B /* Shop.swift in Sources */,
				CECB3C2E2857599D0070459B /* BrandModel.swift in Sources */,
				CECB3C28285756B20070459B /* TitleView.swift in Sources */,
				CECB3C40285766EE0070459B /* QuantityFavouriteDetailView.swift in Sources */,
				CECB3C2A285757A80070459B /* ProductModel.swift in Sources */,
			);
			runOnlyForDeploymentPostprocessing = 0;
		};
/* End PBXSourcesBuildPhase section */

/* Begin XCBuildConfiguration section */
		CECB3BF928573DF20070459B /* Debug */ = {
			isa = XCBuildConfiguration;
			buildSettings = {
				ALWAYS_SEARCH_USER_PATHS = NO;
				CLANG_ANALYZER_NONNULL = YES;
				CLANG_ANALYZER_NUMBER_OBJECT_CONVERSION = YES_AGGRESSIVE;
				CLANG_CXX_LANGUAGE_STANDARD = "gnu++17";
				CLANG_CXX_LIBRARY = "libc++";
				CLANG_ENABLE_MODULES = YES;
				CLANG_ENABLE_OBJC_ARC = YES;
				CLANG_ENABLE_OBJC_WEAK = YES;
				CLANG_WARN_BLOCK_CAPTURE_AUTORELEASING = YES;
				CLANG_WARN_BOOL_CONVERSION = YES;
				CLANG_WARN_COMMA = YES;
				CLANG_WARN_CONSTANT_CONVERSION = YES;
				CLANG_WARN_DEPRECATED_OBJC_IMPLEMENTATIONS = YES;
				CLANG_WARN_DIRECT_OBJC_ISA_USAGE = YES_ERROR;
				CLANG_WARN_DOCUMENTATION_COMMENTS = YES;
				CLANG_WARN_EMPTY_BODY = YES;
				CLANG_WARN_ENUM_CONVERSION = YES;
				CLANG_WARN_INFINITE_RECURSION = YES;
				CLANG_WARN_INT_CONVERSION = YES;
				CLANG_WARN_NON_LITERAL_NULL_CONVERSION = YES;
				CLANG_WARN_OBJC_IMPLICIT_RETAIN_SELF = YES;
				CLANG_WARN_OBJC_LITERAL_CONVERSION = YES;
				CLANG_WARN_OBJC_ROOT_CLASS = YES_ERROR;
				CLANG_WARN_QUOTED_INCLUDE_IN_FRAMEWORK_HEADER = YES;
				CLANG_WARN_RANGE_LOOP_ANALYSIS = YES;
				CLANG_WARN_STRICT_PROTOTYPES = YES;
				CLANG_WARN_SUSPICIOUS_MOVE = YES;
				CLANG_WARN_UNGUARDED_AVAILABILITY = YES_AGGRESSIVE;
				CLANG_WARN_UNREACHABLE_CODE = YES;
				CLANG_WARN__DUPLICATE_METHOD_MATCH = YES;
				COPY_PHASE_STRIP = NO;
				DEBUG_INFORMATION_FORMAT = dwarf;
				ENABLE_STRICT_OBJC_MSGSEND = YES;
				ENABLE_TESTABILITY = YES;
				GCC_C_LANGUAGE_STANDARD = gnu11;
				GCC_DYNAMIC_NO_PIC = NO;
				GCC_NO_COMMON_BLOCKS = YES;
				GCC_OPTIMIZATION_LEVEL = 0;
				GCC_PREPROCESSOR_DEFINITIONS = (
					"DEBUG=1",
					"$(inherited)",
				);
				GCC_WARN_64_TO_32_BIT_CONVERSION = YES;
				GCC_WARN_ABOUT_RETURN_TYPE = YES_ERROR;
				GCC_WARN_UNDECLARED_SELECTOR = YES;
				GCC_WARN_UNINITIALIZED_AUTOS = YES_AGGRESSIVE;
				GCC_WARN_UNUSED_FUNCTION = YES;
				GCC_WARN_UNUSED_VARIABLE = YES;
				IPHONEOS_DEPLOYMENT_TARGET = 15.0;
				MTL_ENABLE_DEBUG_INFO = INCLUDE_SOURCE;
				MTL_FAST_MATH = YES;
				ONLY_ACTIVE_ARCH = YES;
				SDKROOT = iphoneos;
				SWIFT_ACTIVE_COMPILATION_CONDITIONS = DEBUG;
				SWIFT_OPTIMIZATION_LEVEL = "-Onone";
			};
			name = Debug;
		};
		CECB3BFA28573DF20070459B /* Release */ = {
			isa = XCBuildConfiguration;
			buildSettings = {
				ALWAYS_SEARCH_USER_PATHS = NO;
				CLANG_ANALYZER_NONNULL = YES;
				CLANG_ANALYZER_NUMBER_OBJECT_CONVERSION = YES_AGGRESSIVE;
				CLANG_CXX_LANGUAGE_STANDARD = "gnu++17";
				CLANG_CXX_LIBRARY = "libc++";
				CLANG_ENABLE_MODULES = YES;
				CLANG_ENABLE_OBJC_ARC = YES;
				CLANG_ENABLE_OBJC_WEAK = YES;
				CLANG_WARN_BLOCK_CAPTURE_AUTORELEASING = YES;
				CLANG_WARN_BOOL_CONVERSION = YES;
				CLANG_WARN_COMMA = YES;
				CLANG_WARN_CONSTANT_CONVERSION = YES;
				CLANG_WARN_DEPRECATED_OBJC_IMPLEMENTATIONS = YES;
				CLANG_WARN_DIRECT_OBJC_ISA_USAGE = YES_ERROR;
				CLANG_WARN_DOCUMENTATION_COMMENTS = YES;
				CLANG_WARN_EMPTY_BODY = YES;
				CLANG_WARN_ENUM_CONVERSION = YES;
				CLANG_WARN_INFINITE_RECURSION = YES;
				CLANG_WARN_INT_CONVERSION = YES;
				CLANG_WARN_NON_LITERAL_NULL_CONVERSION = YES;
				CLANG_WARN_OBJC_IMPLICIT_RETAIN_SELF = YES;
				CLANG_WARN_OBJC_LITERAL_CONVERSION = YES;
				CLANG_WARN_OBJC_ROOT_CLASS = YES_ERROR;
				CLANG_WARN_QUOTED_INCLUDE_IN_FRAMEWORK_HEADER = YES;
				CLANG_WARN_RANGE_LOOP_ANALYSIS = YES;
				CLANG_WARN_STRICT_PROTOTYPES = YES;
				CLANG_WARN_SUSPICIOUS_MOVE = YES;
				CLANG_WARN_UNGUARDED_AVAILABILITY = YES_AGGRESSIVE;
				CLANG_WARN_UNREACHABLE_CODE = YES;
				CLANG_WARN__DUPLICATE_METHOD_MATCH = YES;
				COPY_PHASE_STRIP = NO;
				DEBUG_INFORMATION_FORMAT = "dwarf-with-dsym";
				ENABLE_NS_ASSERTIONS = NO;
				ENABLE_STRICT_OBJC_MSGSEND = YES;
				GCC_C_LANGUAGE_STANDARD = gnu11;
				GCC_NO_COMMON_BLOCKS = YES;
				GCC_WARN_64_TO_32_BIT_CONVERSION = YES;
				GCC_WARN_ABOUT_RETURN_TYPE = YES_ERROR;
				GCC_WARN_UNDECLARED_SELECTOR = YES;
				GCC_WARN_UNINITIALIZED_AUTOS = YES_AGGRESSIVE;
				GCC_WARN_UNUSED_FUNCTION = YES;
				GCC_WARN_UNUSED_VARIABLE = YES;
				IPHONEOS_DEPLOYMENT_TARGET = 15.0;
				MTL_ENABLE_DEBUG_INFO = NO;
				MTL_FAST_MATH = YES;
				SDKROOT = iphoneos;
				SWIFT_COMPILATION_MODE = wholemodule;
				SWIFT_OPTIMIZATION_LEVEL = "-O";
				VALIDATE_PRODUCT = YES;
			};
			name = Release;
		};
		CECB3BFC28573DF20070459B /* Debug */ = {
			isa = XCBuildConfiguration;
			buildSettings = {
				ASSETCATALOG_COMPILER_APPICON_NAME = AppIcon;
				ASSETCATALOG_COMPILER_GLOBAL_ACCENT_COLOR_NAME = AccentColor;
				CODE_SIGN_STYLE = Automatic;
				CURRENT_PROJECT_VERSION = 1;
				DEVELOPMENT_ASSET_PATHS = "\"Touchdown/Preview Content\"";
				DEVELOPMENT_TEAM = CFSY4CL9VC;
				ENABLE_PREVIEWS = YES;
				GENERATE_INFOPLIST_FILE = YES;
				INFOPLIST_FILE = Touchdown/Info.plist;
				INFOPLIST_KEY_UIApplicationSceneManifest_Generation = YES;
				INFOPLIST_KEY_UIApplicationSupportsIndirectInputEvents = YES;
				INFOPLIST_KEY_UISupportedInterfaceOrientations_iPad = "UIInterfaceOrientationPortrait UIInterfaceOrientationPortraitUpsideDown UIInterfaceOrientationLandscapeLeft UIInterfaceOrientationLandscapeRight";
				INFOPLIST_KEY_UISupportedInterfaceOrientations_iPhone = "UIInterfaceOrientationPortrait UIInterfaceOrientationLandscapeLeft UIInterfaceOrientationLandscapeRight";
				INFOPLIST_KEY_UIUserInterfaceStyle = Light;
				LD_RUNPATH_SEARCH_PATHS = (
					"$(inherited)",
					"@executable_path/Frameworks",
				);
				MARKETING_VERSION = 1.0;
				PRODUCT_BUNDLE_IDENTIFIER = com.eren.Touchdown;
				PRODUCT_NAME = "$(TARGET_NAME)";
				SWIFT_EMIT_LOC_STRINGS = YES;
				SWIFT_VERSION = 5.0;
				TARGETED_DEVICE_FAMILY = "1,2";
			};
			name = Debug;
		};
		CECB3BFD28573DF20070459B /* Release */ = {
			isa = XCBuildConfiguration;
			buildSettings = {
				ASSETCATALOG_COMPILER_APPICON_NAME = AppIcon;
				ASSETCATALOG_COMPILER_GLOBAL_ACCENT_COLOR_NAME = AccentColor;
				CODE_SIGN_STYLE = Automatic;
				CURRENT_PROJECT_VERSION = 1;
				DEVELOPMENT_ASSET_PATHS = "\"Touchdown/Preview Content\"";
				DEVELOPMENT_TEAM = CFSY4CL9VC;
				ENABLE_PREVIEWS = YES;
				GENERATE_INFOPLIST_FILE = YES;
				INFOPLIST_FILE = Touchdown/Info.plist;
				INFOPLIST_KEY_UIApplicationSceneManifest_Generation = YES;
				INFOPLIST_KEY_UIApplicationSupportsIndirectInputEvents = YES;
				INFOPLIST_KEY_UISupportedInterfaceOrientations_iPad = "UIInterfaceOrientationPortrait UIInterfaceOrientationPortraitUpsideDown UIInterfaceOrientationLandscapeLeft UIInterfaceOrientationLandscapeRight";
				INFOPLIST_KEY_UISupportedInterfaceOrientations_iPhone = "UIInterfaceOrientationPortrait UIInterfaceOrientationLandscapeLeft UIInterfaceOrientationLandscapeRight";
				INFOPLIST_KEY_UIUserInterfaceStyle = Light;
				LD_RUNPATH_SEARCH_PATHS = (
					"$(inherited)",
					"@executable_path/Frameworks",
				);
				MARKETING_VERSION = 1.0;
				PRODUCT_BUNDLE_IDENTIFIER = com.eren.Touchdown;
				PRODUCT_NAME = "$(TARGET_NAME)";
				SWIFT_EMIT_LOC_STRINGS = YES;
				SWIFT_VERSION = 5.0;
				TARGETED_DEVICE_FAMILY = "1,2";
			};
			name = Release;
		};
/* End XCBuildConfiguration section */

/* Begin XCConfigurationList section */
		CECB3BE828573DF00070459B /* Build configuration list for PBXProject "Touchdown" */ = {
			isa = XCConfigurationList;
			buildConfigurations = (
				CECB3BF928573DF20070459B /* Debug */,
				CECB3BFA28573DF20070459B /* Release */,
			);
			defaultConfigurationIsVisible = 0;
			defaultConfigurationName = Release;
		};
		CECB3BFB28573DF20070459B /* Build configuration list for PBXNativeTarget "Touchdown" */ = {
			isa = XCConfigurationList;
			buildConfigurations = (
				CECB3BFC28573DF20070459B /* Debug */,
				CECB3BFD28573DF20070459B /* Release */,
			);
			defaultConfigurationIsVisible = 0;
			defaultConfigurationName = Release;
		};
/* End XCConfigurationList section */
	};
	rootObject = CECB3BE528573DF00070459B /* Project object */;
}
